
Microsoft Visual Studio Solution File, Format Version 12.00
# Visual Studio Version 17
VisualStudioVersion = 17.4.33213.308
MinimumVisualStudioVersion = 10.0.40219.1
Project("{8BC9CEB8-8B4A-11D0-8D11-00A0C91BC942}") = "2_ADDRESS_SORT", "2_ADDRESS_SORT\2_ADDRESS_SORT.vcxproj", "{98712515-6173-43DF-9060-715C628752A6}"
EndProject
Global
	GlobalSection(SolutionConfigurationPlatforms) = preSolution
		Debug|x64 = Debug|x64
		Debug|x86 = Debug|x86
		Release|x64 = Release|x64
		Release|x86 = Release|x86
	EndGlobalSection
	GlobalSection(ProjectConfigurationPlatforms) = postSolution
		{98712515-6173-43DF-9060-715C628752A6}.Debug|x64.ActiveCfg = Debug|x64
		{98712515-6173-43DF-9060-715C628752A6}.Debug|x64.Build.0 = Debug|x64
		{98712515-6173-43DF-9060-715C628752A6}.Debug|x86.ActiveCfg = Debug|Win32
		{98712515-6173-43DF-9060-715C628752A6}.Debug|x86.Build.0 = Debug|Win32
		{98712515-6173-43DF-9060-715C628752A6}.Release|x64.ActiveCfg = Release|x64
		{98712515-6173-43DF-9060-715C628752A6}.Release|x64.Build.0 = Release|x64
		{98712515-6173-43DF-9060-715C628752A6}.Release|x86.ActiveCfg = Release|Win32
		{98712515-6173-43DF-9060-715C628752A6}.Release|x86.Build.0 = Release|Win32
	EndGlobalSection
	GlobalSection(SolutionProperties) = preSolution
		HideSolutionNode = FALSE
	EndGlobalSection
	GlobalSection(ExtensibilityGlobals) = postSolution
		SolutionGuid = {7A2A1004-3691-4FC1-8768-171AB85A711F}
	EndGlobalSection
EndGlobal
